<?xml version="1.0" encoding="utf-8"?>
<Project ToolsVersion="4.0" xmlns="http://schemas.microsoft.com/developer/msbuild/2003">
  <ItemGroup>
    <Filter Include="Source Files">
      <UniqueIdentifier>{4FC737F1-C7A5-4376-A066-2A32D752A2FF}</UniqueIdentifier>
      <Extensions>cpp;c;cc;cxx;def;odl;idl;hpj;bat;asm;asmx</Extensions>
    </Filter>
    <Filter Include="Header Files">
      <UniqueIdentifier>{93995380-89BD-4b04-88EB-625FBE52EBFB}</UniqueIdentifier>
      <Extensions>h;hh;hpp;hxx;hm;inl;inc;xsd</Extensions>
    </Filter>
    <Filter Include="Header Files\Network">
      <UniqueIdentifier>{cefc8210-e09d-4651-8aae-5890c70dc7ed}</UniqueIdentifier>
    </Filter>
    <Filter Include="Source Files\Network">
      <UniqueIdentifier>{9cc2fa9c-fc2a-46e9-8235-a0b239c13ea0}</UniqueIdentifier>
    </Filter>
  </ItemGroup>
  <ItemGroup>
    <ClCompile Include="register_types.cpp">
      <Filter>Source Files</Filter>
    </ClCompile>
    <ClCompile Include="WeNet.cpp">
      <Filter>Source Files</Filter>
    </ClCompile>
    <ClCompile Include="network\WeNetServer.cpp">
      <Filter>Source Files\Network</Filter>
    </ClCompile>
    <ClCompile Include="Network\Chunk.cpp">
      <Filter>Source Files\Network</Filter>
    </ClCompile>
  </ItemGroup>
  <ItemGroup>
    <ClInclude Include="register_types.h">
      <Filter>Header Files</Filter>
    </ClInclude>
    <ClInclude Include="WeNet.h">
      <Filter>Header Files</Filter>
    </ClInclude>
    <ClInclude Include="network\Chunk.h">
      <Filter>Header Files\Network</Filter>
    </ClInclude>
    <ClInclude Include="network\GamePacketHandler.h">
      <Filter>Header Files\Network</Filter>
    </ClInclude>
    <ClInclude Include="network\Packet.h">
      <Filter>Header Files\Network</Filter>
    </ClInclude>
    <ClInclude Include="network\WeNetServer.h">
      <Filter>Header Files\Network</Filter>
    </ClInclude>
  </ItemGroup>
  <ItemGroup>
    <None Include="..\sConstruct" />
  </ItemGroup>
</Project>